
Microsoft Visual Studio Solution File, Format Version 12.00
# Visual Studio 15
VisualStudioVersion = 15.0.28307.438
MinimumVisualStudioVersion = 10.0.40219.1
Project("{9A19103F-16F7-4668-BE54-9A1E7A4F7556}") = "StringCalculator", "StringCalculator\StringCalculator.csproj", "{75916E6E-A14F-4A8B-8E85-FB83A6F80B44}"
EndProject
Project("{9A19103F-16F7-4668-BE54-9A1E7A4F7556}") = "StringCalculatorTests", "StringCalculatorTests\StringCalculatorTests.csproj", "{6D9400E2-DB31-4721-AEF9-8489E063BEC9}"
EndProject
Global
	GlobalSection(SolutionConfigurationPlatforms) = preSolution
		Debug|Any CPU = Debug|Any CPU
		Release|Any CPU = Release|Any CPU
	EndGlobalSection
	GlobalSection(ProjectConfigurationPlatforms) = postSolution
		{75916E6E-A14F-4A8B-8E85-FB83A6F80B44}.Debug|Any CPU.ActiveCfg = Debug|Any CPU
		{75916E6E-A14F-4A8B-8E85-FB83A6F80B44}.Debug|Any CPU.Build.0 = Debug|Any CPU
		{75916E6E-A14F-4A8B-8E85-FB83A6F80B44}.Release|Any CPU.ActiveCfg = Release|Any CPU
		{75916E6E-A14F-4A8B-8E85-FB83A6F80B44}.Release|Any CPU.Build.0 = Release|Any CPU
		{6D9400E2-DB31-4721-AEF9-8489E063BEC9}.Debug|Any CPU.ActiveCfg = Debug|Any CPU
		{6D9400E2-DB31-4721-AEF9-8489E063BEC9}.Debug|Any CPU.Build.0 = Debug|Any CPU
		{6D9400E2-DB31-4721-AEF9-8489E063BEC9}.Release|Any CPU.ActiveCfg = Release|Any CPU
		{6D9400E2-DB31-4721-AEF9-8489E063BEC9}.Release|Any CPU.Build.0 = Release|Any CPU
	EndGlobalSection
	GlobalSection(SolutionProperties) = preSolution
		HideSolutionNode = FALSE
	EndGlobalSection
	GlobalSection(ExtensibilityGlobals) = postSolution
		SolutionGuid = {84D82D76-7BC2-4451-A278-A7B10463583C}
	EndGlobalSection
EndGlobal
